<Solution>
  <Configurations>
    <Platform Name="x64" />
    <Platform Name="x86" />
  </Configurations>
  <Project Path="editor/Editor.vcxproj" DisplayName="editor" Id="91c5c2a0-5ea1-44b5-be8d-0791a2fa0f0d" />
  <Project Path="engine/Engine.vcxproj" DisplayName="engine" Id="5322eee9-8acd-4782-b480-580f4b79eb11" />
</Solution>
